// !$*UTF8*$!
{
	archiveVersion = 1;
	classes = {
	};
	objectVersion = 63;
	objects = {

/* Begin PBXBuildFile section */
		760D50552C2DA7E200A8B4BF /* DataStore.swift in Sources */ = {isa = PBXBuildFile; fileRef = 760D50542C2DA7E200A8B4BF /* DataStore.swift */; };
		762ACCD62C263F2B00D947AC /* EditNoteView.swift in Sources */ = {isa = PBXBuildFile; fileRef = 762ACCD52C263F2B00D947AC /* EditNoteView.swift */; };
		762AD6F82C22C75800118943 /* CustomTextField.swift in Sources */ = {isa = PBXBuildFile; fileRef = 762AD6F72C22C75800118943 /* CustomTextField.swift */; };
		762AD6FB2C22D8AD00118943 /* ExpenseCellView.swift in Sources */ = {isa = PBXBuildFile; fileRef = 762AD6FA2C22D8AD00118943 /* ExpenseCellView.swift */; };
		7631FE822C2AFABC00055FA2 /* appstore.png in Resources */ = {isa = PBXBuildFile; fileRef = 7631FE7E2C2AFABC00055FA2 /* appstore.png */; };
		7631FE832C2AFABC00055FA2 /* Assets.xcassets in Resources */ = {isa = PBXBuildFile; fileRef = 7631FE7F2C2AFABC00055FA2 /* Assets.xcassets */; };
		7631FE842C2AFABC00055FA2 /* playstore.png in Resources */ = {isa = PBXBuildFile; fileRef = 7631FE802C2AFABC00055FA2 /* playstore.png */; };
		764CD1352C23A77700A188C6 /* DefaultContentView.swift in Sources */ = {isa = PBXBuildFile; fileRef = 764CD1342C23A77700A188C6 /* DefaultContentView.swift */; };
		7664F41B2C24BC8F004BEBF3 /* EditTripView.swift in Sources */ = {isa = PBXBuildFile; fileRef = 7664F41A2C24BC8F004BEBF3 /* EditTripView.swift */; };
		76744A152C21D27E0031D99A /* MyTravelApp.swift in Sources */ = {isa = PBXBuildFile; fileRef = 76744A142C21D27E0031D99A /* MyTravelApp.swift */; };
		76744A1E2C21D27F0031D99A /* Preview Assets.xcassets in Resources */ = {isa = PBXBuildFile; fileRef = 76744A1D2C21D27F0031D99A /* Preview Assets.xcassets */; };
		76744A252C21D2A30031D99A /* MainView.swift in Sources */ = {isa = PBXBuildFile; fileRef = 76744A242C21D2A30031D99A /* MainView.swift */; };
		76744A272C21D2BD0031D99A /* TripView.swift in Sources */ = {isa = PBXBuildFile; fileRef = 76744A262C21D2BD0031D99A /* TripView.swift */; };
		76744A292C21D2CB0031D99A /* TripCellView.swift in Sources */ = {isa = PBXBuildFile; fileRef = 76744A282C21D2CB0031D99A /* TripCellView.swift */; };
		76744A2B2C21D2DD0031D99A /* NoteView.swift in Sources */ = {isa = PBXBuildFile; fileRef = 76744A2A2C21D2DD0031D99A /* NoteView.swift */; };
		76744A2D2C21D2EC0031D99A /* NoteCellView.swift in Sources */ = {isa = PBXBuildFile; fileRef = 76744A2C2C21D2EC0031D99A /* NoteCellView.swift */; };
		76744A2F2C21D2FB0031D99A /* CreateNoteView.swift in Sources */ = {isa = PBXBuildFile; fileRef = 76744A2E2C21D2FB0031D99A /* CreateNoteView.swift */; };
		76744A332C21D3230031D99A /* CustomColors.swift in Sources */ = {isa = PBXBuildFile; fileRef = 76744A322C21D3230031D99A /* CustomColors.swift */; };
		76744A352C21D3330031D99A /* DetailNoteView.swift in Sources */ = {isa = PBXBuildFile; fileRef = 76744A342C21D3330031D99A /* DetailNoteView.swift */; };
		76744A3B2C21D3680031D99A /* Note.swift in Sources */ = {isa = PBXBuildFile; fileRef = 76744A3A2C21D3680031D99A /* Note.swift */; };
		76744A3D2C21D37A0031D99A /* Trip.swift in Sources */ = {isa = PBXBuildFile; fileRef = 76744A3C2C21D37A0031D99A /* Trip.swift */; };
		7674DDAC2C31B662000CCEA0 /* LocalNotificationManager.swift in Sources */ = {isa = PBXBuildFile; fileRef = 7674DDAB2C31B662000CCEA0 /* LocalNotificationManager.swift */; };
		768D6A9B2C35CBD3009BF25A /* LocalNotification.swift in Sources */ = {isa = PBXBuildFile; fileRef = 768D6A9A2C35CBD3009BF25A /* LocalNotification.swift */; };
		76AA93D32C3FD59B0020C379 /* SettingItems.swift in Sources */ = {isa = PBXBuildFile; fileRef = 76AA93D22C3FD59B0020C379 /* SettingItems.swift */; };
		76AA93D52C3FE34F0020C379 /* SettingScreenViewModel.swift in Sources */ = {isa = PBXBuildFile; fileRef = 76AA93D42C3FE34F0020C379 /* SettingScreenViewModel.swift */; };
		76AD393E2C21DE0A0035CE98 /* CreateTripView.swift in Sources */ = {isa = PBXBuildFile; fileRef = 76AD393D2C21DE0A0035CE98 /* CreateTripView.swift */; };
		76AD39402C21DED90035CE98 /* DetailTripView.swift in Sources */ = {isa = PBXBuildFile; fileRef = 76AD393F2C21DED90035CE98 /* DetailTripView.swift */; };
		76B81E4B2C232AC2003B9B20 /* Destination.swift in Sources */ = {isa = PBXBuildFile; fileRef = 76B81E4A2C232AC2003B9B20 /* Destination.swift */; };
		76B81E4D2C232AE3003B9B20 /* MTPlacemark.swift in Sources */ = {isa = PBXBuildFile; fileRef = 76B81E4C2C232AE3003B9B20 /* MTPlacemark.swift */; };
		76B81E502C232B99003B9B20 /* LocationManager.swift in Sources */ = {isa = PBXBuildFile; fileRef = 76B81E4F2C232B99003B9B20 /* LocationManager.swift */; };
		76B81E522C232BAE003B9B20 /* MapManager.swift in Sources */ = {isa = PBXBuildFile; fileRef = 76B81E512C232BAE003B9B20 /* MapManager.swift */; };
		76B81E552C232BFA003B9B20 /* DestinationsListView.swift in Sources */ = {isa = PBXBuildFile; fileRef = 76B81E542C232BFA003B9B20 /* DestinationsListView.swift */; };
		76B81E572C232C11003B9B20 /* DestinationLocationsMapView.swift in Sources */ = {isa = PBXBuildFile; fileRef = 76B81E562C232C11003B9B20 /* DestinationLocationsMapView.swift */; };
		76B81E5A2C232C93003B9B20 /* LocationDetailView.swift in Sources */ = {isa = PBXBuildFile; fileRef = 76B81E592C232C93003B9B20 /* LocationDetailView.swift */; };
		76B81E5E2C234C27003B9B20 /* DestinationCellView.swift in Sources */ = {isa = PBXBuildFile; fileRef = 76B81E5D2C234C27003B9B20 /* DestinationCellView.swift */; };
		76B891AA2C36FFBE00F009AD /* DateRangePickerView.swift in Sources */ = {isa = PBXBuildFile; fileRef = 76B891A92C36FFBE00F009AD /* DateRangePickerView.swift */; };
		76EFA2122C26E0FC00FF209A /* Extension + Date.swift in Sources */ = {isa = PBXBuildFile; fileRef = 76EFA2112C26E0FC00FF209A /* Extension + Date.swift */; };
		76EFA2142C26E28200FF209A /* NoteCellViewModel.swift in Sources */ = {isa = PBXBuildFile; fileRef = 76EFA2132C26E28200FF209A /* NoteCellViewModel.swift */; };
		76EFA2172C26E48700FF209A /* DetailNoteViewModel.swift in Sources */ = {isa = PBXBuildFile; fileRef = 76EFA2162C26E48700FF209A /* DetailNoteViewModel.swift */; };
		76EFA21A2C26EBEA00FF209A /* CreateNoteViewModel.swift in Sources */ = {isa = PBXBuildFile; fileRef = 76EFA2192C26EBEA00FF209A /* CreateNoteViewModel.swift */; };
		76EFA21D2C26F10700FF209A /* NoteViewModel.swift in Sources */ = {isa = PBXBuildFile; fileRef = 76EFA21C2C26F10700FF209A /* NoteViewModel.swift */; };
		76EFA2202C26F11D00FF209A /* EditNoteViewModel.swift in Sources */ = {isa = PBXBuildFile; fileRef = 76EFA21F2C26F11D00FF209A /* EditNoteViewModel.swift */; };
		76FB3E8E2C3F163400B5A678 /* SettingScreenView.swift in Sources */ = {isa = PBXBuildFile; fileRef = 76FB3E8D2C3F163400B5A678 /* SettingScreenView.swift */; };
		76FB3E902C3F16E200B5A678 /* SettingCellView.swift in Sources */ = {isa = PBXBuildFile; fileRef = 76FB3E8F2C3F16E200B5A678 /* SettingCellView.swift */; };
/* End PBXBuildFile section */

/* Begin PBXFileReference section */
		760D50542C2DA7E200A8B4BF /* DataStore.swift */ = {isa = PBXFileReference; lastKnownFileType = sourcecode.swift; path = DataStore.swift; sourceTree = "<group>"; };
		762ACCD52C263F2B00D947AC /* EditNoteView.swift */ = {isa = PBXFileReference; lastKnownFileType = sourcecode.swift; path = EditNoteView.swift; sourceTree = "<group>"; };
		762AD6F72C22C75800118943 /* CustomTextField.swift */ = {isa = PBXFileReference; lastKnownFileType = sourcecode.swift; path = CustomTextField.swift; sourceTree = "<group>"; };
		762AD6FA2C22D8AD00118943 /* ExpenseCellView.swift */ = {isa = PBXFileReference; lastKnownFileType = sourcecode.swift; path = ExpenseCellView.swift; sourceTree = "<group>"; };
		7631FE7E2C2AFABC00055FA2 /* appstore.png */ = {isa = PBXFileReference; lastKnownFileType = image.png; path = appstore.png; sourceTree = "<group>"; };
		7631FE7F2C2AFABC00055FA2 /* Assets.xcassets */ = {isa = PBXFileReference; lastKnownFileType = folder.assetcatalog; path = Assets.xcassets; sourceTree = "<group>"; };
		7631FE802C2AFABC00055FA2 /* playstore.png */ = {isa = PBXFileReference; lastKnownFileType = image.png; path = playstore.png; sourceTree = "<group>"; };
		764CD1342C23A77700A188C6 /* DefaultContentView.swift */ = {isa = PBXFileReference; lastKnownFileType = sourcecode.swift; path = DefaultContentView.swift; sourceTree = "<group>"; };
		7664F41A2C24BC8F004BEBF3 /* EditTripView.swift */ = {isa = PBXFileReference; lastKnownFileType = sourcecode.swift; path = EditTripView.swift; sourceTree = "<group>"; };
		76744A112C21D27E0031D99A /* GoTrip - Planner.app */ = {isa = PBXFileReference; explicitFileType = wrapper.application; includeInIndex = 0; path = "GoTrip - Planner.app"; sourceTree = BUILT_PRODUCTS_DIR; };
		76744A142C21D27E0031D99A /* MyTravelApp.swift */ = {isa = PBXFileReference; lastKnownFileType = sourcecode.swift; path = MyTravelApp.swift; sourceTree = "<group>"; };
		76744A1D2C21D27F0031D99A /* Preview Assets.xcassets */ = {isa = PBXFileReference; lastKnownFileType = folder.assetcatalog; path = "Preview Assets.xcassets"; sourceTree = "<group>"; };
		76744A242C21D2A30031D99A /* MainView.swift */ = {isa = PBXFileReference; lastKnownFileType = sourcecode.swift; path = MainView.swift; sourceTree = "<group>"; };
		76744A262C21D2BD0031D99A /* TripView.swift */ = {isa = PBXFileReference; lastKnownFileType = sourcecode.swift; path = TripView.swift; sourceTree = "<group>"; };
		76744A282C21D2CB0031D99A /* TripCellView.swift */ = {isa = PBXFileReference; lastKnownFileType = sourcecode.swift; path = TripCellView.swift; sourceTree = "<group>"; };
		76744A2A2C21D2DD0031D99A /* NoteView.swift */ = {isa = PBXFileReference; lastKnownFileType = sourcecode.swift; path = NoteView.swift; sourceTree = "<group>"; };
		76744A2C2C21D2EC0031D99A /* NoteCellView.swift */ = {isa = PBXFileReference; lastKnownFileType = sourcecode.swift; path = NoteCellView.swift; sourceTree = "<group>"; };
		76744A2E2C21D2FB0031D99A /* CreateNoteView.swift */ = {isa = PBXFileReference; lastKnownFileType = sourcecode.swift; path = CreateNoteView.swift; sourceTree = "<group>"; };
		76744A322C21D3230031D99A /* CustomColors.swift */ = {isa = PBXFileReference; lastKnownFileType = sourcecode.swift; path = CustomColors.swift; sourceTree = "<group>"; };
		76744A342C21D3330031D99A /* DetailNoteView.swift */ = {isa = PBXFileReference; lastKnownFileType = sourcecode.swift; path = DetailNoteView.swift; sourceTree = "<group>"; };
		76744A3A2C21D3680031D99A /* Note.swift */ = {isa = PBXFileReference; lastKnownFileType = sourcecode.swift; path = Note.swift; sourceTree = "<group>"; };
		76744A3C2C21D37A0031D99A /* Trip.swift */ = {isa = PBXFileReference; lastKnownFileType = sourcecode.swift; path = Trip.swift; sourceTree = "<group>"; };
		7674DDAB2C31B662000CCEA0 /* LocalNotificationManager.swift */ = {isa = PBXFileReference; lastKnownFileType = sourcecode.swift; path = LocalNotificationManager.swift; sourceTree = "<group>"; };
		768D6A9A2C35CBD3009BF25A /* LocalNotification.swift */ = {isa = PBXFileReference; lastKnownFileType = sourcecode.swift; path = LocalNotification.swift; sourceTree = "<group>"; };
		76AA93D22C3FD59B0020C379 /* SettingItems.swift */ = {isa = PBXFileReference; lastKnownFileType = sourcecode.swift; path = SettingItems.swift; sourceTree = "<group>"; };
		76AA93D42C3FE34F0020C379 /* SettingScreenViewModel.swift */ = {isa = PBXFileReference; lastKnownFileType = sourcecode.swift; path = SettingScreenViewModel.swift; sourceTree = "<group>"; };
		76AD393D2C21DE0A0035CE98 /* CreateTripView.swift */ = {isa = PBXFileReference; lastKnownFileType = sourcecode.swift; path = CreateTripView.swift; sourceTree = "<group>"; };
		76AD393F2C21DED90035CE98 /* DetailTripView.swift */ = {isa = PBXFileReference; lastKnownFileType = sourcecode.swift; path = DetailTripView.swift; sourceTree = "<group>"; };
		76B81E4A2C232AC2003B9B20 /* Destination.swift */ = {isa = PBXFileReference; lastKnownFileType = sourcecode.swift; path = Destination.swift; sourceTree = "<group>"; };
		76B81E4C2C232AE3003B9B20 /* MTPlacemark.swift */ = {isa = PBXFileReference; lastKnownFileType = sourcecode.swift; path = MTPlacemark.swift; sourceTree = "<group>"; };
		76B81E4F2C232B99003B9B20 /* LocationManager.swift */ = {isa = PBXFileReference; lastKnownFileType = sourcecode.swift; path = LocationManager.swift; sourceTree = "<group>"; };
		76B81E512C232BAE003B9B20 /* MapManager.swift */ = {isa = PBXFileReference; lastKnownFileType = sourcecode.swift; path = MapManager.swift; sourceTree = "<group>"; };
		76B81E542C232BFA003B9B20 /* DestinationsListView.swift */ = {isa = PBXFileReference; lastKnownFileType = sourcecode.swift; path = DestinationsListView.swift; sourceTree = "<group>"; };
		76B81E562C232C11003B9B20 /* DestinationLocationsMapView.swift */ = {isa = PBXFileReference; lastKnownFileType = sourcecode.swift; path = DestinationLocationsMapView.swift; sourceTree = "<group>"; };
		76B81E592C232C93003B9B20 /* LocationDetailView.swift */ = {isa = PBXFileReference; lastKnownFileType = sourcecode.swift; path = LocationDetailView.swift; sourceTree = "<group>"; };
		76B81E5D2C234C27003B9B20 /* DestinationCellView.swift */ = {isa = PBXFileReference; lastKnownFileType = sourcecode.swift; path = DestinationCellView.swift; sourceTree = "<group>"; };
		76B891A92C36FFBE00F009AD /* DateRangePickerView.swift */ = {isa = PBXFileReference; lastKnownFileType = sourcecode.swift; path = DateRangePickerView.swift; sourceTree = "<group>"; };
		76EFA2112C26E0FC00FF209A /* Extension + Date.swift */ = {isa = PBXFileReference; lastKnownFileType = sourcecode.swift; path = "Extension + Date.swift"; sourceTree = "<group>"; };
		76EFA2132C26E28200FF209A /* NoteCellViewModel.swift */ = {isa = PBXFileReference; lastKnownFileType = sourcecode.swift; path = NoteCellViewModel.swift; sourceTree = "<group>"; };
		76EFA2162C26E48700FF209A /* DetailNoteViewModel.swift */ = {isa = PBXFileReference; lastKnownFileType = sourcecode.swift; path = DetailNoteViewModel.swift; sourceTree = "<group>"; };
		76EFA2192C26EBEA00FF209A /* CreateNoteViewModel.swift */ = {isa = PBXFileReference; lastKnownFileType = sourcecode.swift; path = CreateNoteViewModel.swift; sourceTree = "<group>"; };
		76EFA21C2C26F10700FF209A /* NoteViewModel.swift */ = {isa = PBXFileReference; lastKnownFileType = sourcecode.swift; path = NoteViewModel.swift; sourceTree = "<group>"; };
		76EFA21F2C26F11D00FF209A /* EditNoteViewModel.swift */ = {isa = PBXFileReference; lastKnownFileType = sourcecode.swift; path = EditNoteViewModel.swift; sourceTree = "<group>"; };
		76FB3E8D2C3F163400B5A678 /* SettingScreenView.swift */ = {isa = PBXFileReference; lastKnownFileType = sourcecode.swift; path = SettingScreenView.swift; sourceTree = "<group>"; };
		76FB3E8F2C3F16E200B5A678 /* SettingCellView.swift */ = {isa = PBXFileReference; lastKnownFileType = sourcecode.swift; path = SettingCellView.swift; sourceTree = "<group>"; };
/* End PBXFileReference section */

/* Begin PBXFrameworksBuildPhase section */
		76744A0E2C21D27E0031D99A /* Frameworks */ = {
			isa = PBXFrameworksBuildPhase;
			buildActionMask = 2147483647;
			files = (
			);
			runOnlyForDeploymentPostprocessing = 0;
		};
/* End PBXFrameworksBuildPhase section */

/* Begin PBXGroup section */
		762AD6F92C22C79C00118943 /* Views */ = {
			isa = PBXGroup;
			children = (
				762AD6F72C22C75800118943 /* CustomTextField.swift */,
				764CD1342C23A77700A188C6 /* DefaultContentView.swift */,
				76B891A92C36FFBE00F009AD /* DateRangePickerView.swift */,
			);
			path = Views;
			sourceTree = "<group>";
		};
		7631E3E42C2796D00087EA71 /* CreateTrip */ = {
			isa = PBXGroup;
			children = (
				76AD393D2C21DE0A0035CE98 /* CreateTripView.swift */,
			);
			path = CreateTrip;
			sourceTree = "<group>";
		};
		7631E3E72C2796E80087EA71 /* ExpenseCell */ = {
			isa = PBXGroup;
			children = (
				762AD6FA2C22D8AD00118943 /* ExpenseCellView.swift */,
			);
			path = ExpenseCell;
			sourceTree = "<group>";
		};
		7631E3EA2C2796F90087EA71 /* DetailView */ = {
			isa = PBXGroup;
			children = (
				76AD393F2C21DED90035CE98 /* DetailTripView.swift */,
			);
			path = DetailView;
			sourceTree = "<group>";
		};
		7631E3ED2C27970B0087EA71 /* EditTrip */ = {
			isa = PBXGroup;
			children = (
				7664F41A2C24BC8F004BEBF3 /* EditTripView.swift */,
			);
			path = EditTrip;
			sourceTree = "<group>";
		};
		7631E3F02C27971C0087EA71 /* TripCell */ = {
			isa = PBXGroup;
			children = (
				76744A282C21D2CB0031D99A /* TripCellView.swift */,
			);
			path = TripCell;
			sourceTree = "<group>";
		};
		7631E3F32C2797490087EA71 /* TripView */ = {
			isa = PBXGroup;
			children = (
				76744A262C21D2BD0031D99A /* TripView.swift */,
			);
			path = TripView;
			sourceTree = "<group>";
		};
		7631FE812C2AFABC00055FA2 /* AppIcons */ = {
			isa = PBXGroup;
			children = (
				7631FE7E2C2AFABC00055FA2 /* appstore.png */,
				7631FE7F2C2AFABC00055FA2 /* Assets.xcassets */,
				7631FE802C2AFABC00055FA2 /* playstore.png */,
			);
			path = AppIcons;
			sourceTree = "<group>";
		};
		76744A082C21D27E0031D99A = {
			isa = PBXGroup;
			children = (
				76744A132C21D27E0031D99A /* GoTrip - Planner */,
				76744A122C21D27E0031D99A /* Products */,
			);
			sourceTree = "<group>";
		};
		76744A122C21D27E0031D99A /* Products */ = {
			isa = PBXGroup;
			children = (
				76744A112C21D27E0031D99A /* GoTrip - Planner.app */,
			);
			name = Products;
			sourceTree = "<group>";
		};
		76744A132C21D27E0031D99A /* GoTrip - Planner */ = {
			isa = PBXGroup;
			children = (
				76744A142C21D27E0031D99A /* MyTravelApp.swift */,
				76744A242C21D2A30031D99A /* MainView.swift */,
				76744A442C21D4A30031D99A /* TripView */,
				76744A432C21D47A0031D99A /* NoteView */,
				76FB3E8C2C3F15DD00B5A678 /* SettingsView */,
				76B81E582C232C83003B9B20 /* SharedViews */,
				76B81E532C232BE4003B9B20 /* DestinationTab */,
				76744A402C21D4310031D99A /* Models */,
				76744A1C2C21D27F0031D99A /* Preview Content */,
				76744A412C21D4410031D99A /* Helpers */,
				76B81E4E2C232B7D003B9B20 /* Services */,
				762AD6F92C22C79C00118943 /* Views */,
				7631FE812C2AFABC00055FA2 /* AppIcons */,
			);
			path = "GoTrip - Planner";
			sourceTree = "<group>";
		};
		76744A1C2C21D27F0031D99A /* Preview Content */ = {
			isa = PBXGroup;
			children = (
				76744A1D2C21D27F0031D99A /* Preview Assets.xcassets */,
			);
			path = "Preview Content";
			sourceTree = "<group>";
		};
		76744A402C21D4310031D99A /* Models */ = {
			isa = PBXGroup;
			children = (
				76744A3A2C21D3680031D99A /* Note.swift */,
				76744A3C2C21D37A0031D99A /* Trip.swift */,
				76B81E4A2C232AC2003B9B20 /* Destination.swift */,
				76B81E4C2C232AE3003B9B20 /* MTPlacemark.swift */,
				768D6A9A2C35CBD3009BF25A /* LocalNotification.swift */,
			);
			path = Models;
			sourceTree = "<group>";
		};
		76744A412C21D4410031D99A /* Helpers */ = {
			isa = PBXGroup;
			children = (
				76744A322C21D3230031D99A /* CustomColors.swift */,
				76EFA2112C26E0FC00FF209A /* Extension + Date.swift */,
				76AA93D22C3FD59B0020C379 /* SettingItems.swift */,
			);
			path = Helpers;
			sourceTree = "<group>";
		};
		76744A432C21D47A0031D99A /* NoteView */ = {
			isa = PBXGroup;
			children = (
				76EFA21E2C26F10B00FF209A /* NoteView */,
				76EFA2152C26E28700FF209A /* NoteCellView */,
				76EFA21B2C26EBEE00FF209A /* CreateNote */,
				76EFA2182C26E49000FF209A /* DetailNote */,
				76EFA2212C26F12100FF209A /* EditNote */,
			);
			path = NoteView;
			sourceTree = "<group>";
		};
		76744A442C21D4A30031D99A /* TripView */ = {
			isa = PBXGroup;
			children = (
				7631E3F32C2797490087EA71 /* TripView */,
				7631E3F02C27971C0087EA71 /* TripCell */,
				7631E3E42C2796D00087EA71 /* CreateTrip */,
				7631E3E72C2796E80087EA71 /* ExpenseCell */,
				7631E3EA2C2796F90087EA71 /* DetailView */,
				7631E3ED2C27970B0087EA71 /* EditTrip */,
			);
			path = TripView;
			sourceTree = "<group>";
		};
		76B81E4E2C232B7D003B9B20 /* Services */ = {
			isa = PBXGroup;
			children = (
				76B81E4F2C232B99003B9B20 /* LocationManager.swift */,
				76B81E512C232BAE003B9B20 /* MapManager.swift */,
				760D50542C2DA7E200A8B4BF /* DataStore.swift */,
				7674DDAB2C31B662000CCEA0 /* LocalNotificationManager.swift */,
			);
			path = Services;
			sourceTree = "<group>";
		};
		76B81E532C232BE4003B9B20 /* DestinationTab */ = {
			isa = PBXGroup;
			children = (
				76B81E542C232BFA003B9B20 /* DestinationsListView.swift */,
				76B81E5D2C234C27003B9B20 /* DestinationCellView.swift */,
				76B81E562C232C11003B9B20 /* DestinationLocationsMapView.swift */,
			);
			path = DestinationTab;
			sourceTree = "<group>";
		};
		76B81E582C232C83003B9B20 /* SharedViews */ = {
			isa = PBXGroup;
			children = (
				76B81E592C232C93003B9B20 /* LocationDetailView.swift */,
			);
			path = SharedViews;
			sourceTree = "<group>";
		};
		76EFA2152C26E28700FF209A /* NoteCellView */ = {
			isa = PBXGroup;
			children = (
				76744A2C2C21D2EC0031D99A /* NoteCellView.swift */,
				76EFA2132C26E28200FF209A /* NoteCellViewModel.swift */,
			);
			path = NoteCellView;
			sourceTree = "<group>";
		};
		76EFA2182C26E49000FF209A /* DetailNote */ = {
			isa = PBXGroup;
			children = (
				76744A342C21D3330031D99A /* DetailNoteView.swift */,
				76EFA2162C26E48700FF209A /* DetailNoteViewModel.swift */,
			);
			path = DetailNote;
			sourceTree = "<group>";
		};
		76EFA21B2C26EBEE00FF209A /* CreateNote */ = {
			isa = PBXGroup;
			children = (
				76744A2E2C21D2FB0031D99A /* CreateNoteView.swift */,
				76EFA2192C26EBEA00FF209A /* CreateNoteViewModel.swift */,
			);
			path = CreateNote;
			sourceTree = "<group>";
		};
		76EFA21E2C26F10B00FF209A /* NoteView */ = {
			isa = PBXGroup;
			children = (
				76744A2A2C21D2DD0031D99A /* NoteView.swift */,
				76EFA21C2C26F10700FF209A /* NoteViewModel.swift */,
			);
			path = NoteView;
			sourceTree = "<group>";
		};
		76EFA2212C26F12100FF209A /* EditNote */ = {
			isa = PBXGroup;
			children = (
				762ACCD52C263F2B00D947AC /* EditNoteView.swift */,
				76EFA21F2C26F11D00FF209A /* EditNoteViewModel.swift */,
			);
			path = EditNote;
			sourceTree = "<group>";
		};
		76FB3E8C2C3F15DD00B5A678 /* SettingsView */ = {
			isa = PBXGroup;
			children = (
				76FB3E8D2C3F163400B5A678 /* SettingScreenView.swift */,
				76AA93D42C3FE34F0020C379 /* SettingScreenViewModel.swift */,
				76FB3E8F2C3F16E200B5A678 /* SettingCellView.swift */,
			);
			path = SettingsView;
			sourceTree = "<group>";
		};
/* End PBXGroup section */

/* Begin PBXNativeTarget section */
		76744A102C21D27E0031D99A /* GoTrip - Planner */ = {
			isa = PBXNativeTarget;
			buildConfigurationList = 76744A212C21D27F0031D99A /* Build configuration list for PBXNativeTarget "GoTrip - Planner" */;
			buildPhases = (
				76744A0D2C21D27E0031D99A /* Sources */,
				76744A0E2C21D27E0031D99A /* Frameworks */,
				76744A0F2C21D27E0031D99A /* Resources */,
			);
			buildRules = (
			);
			dependencies = (
			);
			name = "GoTrip - Planner";
			productName = MyTravel;
			productReference = 76744A112C21D27E0031D99A /* GoTrip - Planner.app */;
			productType = "com.apple.product-type.application";
		};
/* End PBXNativeTarget section */

/* Begin PBXProject section */
		76744A092C21D27E0031D99A /* Project object */ = {
			isa = PBXProject;
			attributes = {
				BuildIndependentTargetsInParallel = 1;
				LastSwiftUpdateCheck = 1540;
				LastUpgradeCheck = 1540;
				TargetAttributes = {
					76744A102C21D27E0031D99A = {
						CreatedOnToolsVersion = 15.4;
					};
				};
			};
			buildConfigurationList = 76744A0C2C21D27E0031D99A /* Build configuration list for PBXProject "GoTrip - Planner" */;
			compatibilityVersion = "Xcode 15.3";
			developmentRegion = en;
			hasScannedForEncodings = 0;
			knownRegions = (
				en,
				Base,
			);
			mainGroup = 76744A082C21D27E0031D99A;
			productRefGroup = 76744A122C21D27E0031D99A /* Products */;
			projectDirPath = "";
			projectRoot = "";
			targets = (
				76744A102C21D27E0031D99A /* GoTrip - Planner */,
			);
		};
/* End PBXProject section */

/* Begin PBXResourcesBuildPhase section */
		76744A0F2C21D27E0031D99A /* Resources */ = {
			isa = PBXResourcesBuildPhase;
			buildActionMask = 2147483647;
			files = (
				76744A1E2C21D27F0031D99A /* Preview Assets.xcassets in Resources */,
				7631FE822C2AFABC00055FA2 /* appstore.png in Resources */,
				7631FE832C2AFABC00055FA2 /* Assets.xcassets in Resources */,
				7631FE842C2AFABC00055FA2 /* playstore.png in Resources */,
			);
			runOnlyForDeploymentPostprocessing = 0;
		};
/* End PBXResourcesBuildPhase section */

/* Begin PBXSourcesBuildPhase section */
		76744A0D2C21D27E0031D99A /* Sources */ = {
			isa = PBXSourcesBuildPhase;
			buildActionMask = 2147483647;
			files = (
				76EFA21D2C26F10700FF209A /* NoteViewModel.swift in Sources */,
				76AD39402C21DED90035CE98 /* DetailTripView.swift in Sources */,
				76B81E572C232C11003B9B20 /* DestinationLocationsMapView.swift in Sources */,
				76744A272C21D2BD0031D99A /* TripView.swift in Sources */,
				760D50552C2DA7E200A8B4BF /* DataStore.swift in Sources */,
				762AD6FB2C22D8AD00118943 /* ExpenseCellView.swift in Sources */,
				76B81E522C232BAE003B9B20 /* MapManager.swift in Sources */,
				76B81E552C232BFA003B9B20 /* DestinationsListView.swift in Sources */,
				76744A2F2C21D2FB0031D99A /* CreateNoteView.swift in Sources */,
				764CD1352C23A77700A188C6 /* DefaultContentView.swift in Sources */,
				76B81E5E2C234C27003B9B20 /* DestinationCellView.swift in Sources */,
				762ACCD62C263F2B00D947AC /* EditNoteView.swift in Sources */,
				76EFA2172C26E48700FF209A /* DetailNoteViewModel.swift in Sources */,
				76FB3E8E2C3F163400B5A678 /* SettingScreenView.swift in Sources */,
				76744A3D2C21D37A0031D99A /* Trip.swift in Sources */,
				76B81E502C232B99003B9B20 /* LocationManager.swift in Sources */,
				7664F41B2C24BC8F004BEBF3 /* EditTripView.swift in Sources */,
				76EFA21A2C26EBEA00FF209A /* CreateNoteViewModel.swift in Sources */,
				76EFA2202C26F11D00FF209A /* EditNoteViewModel.swift in Sources */,
				768D6A9B2C35CBD3009BF25A /* LocalNotification.swift in Sources */,
				7674DDAC2C31B662000CCEA0 /* LocalNotificationManager.swift in Sources */,
				76B81E4D2C232AE3003B9B20 /* MTPlacemark.swift in Sources */,
				76744A252C21D2A30031D99A /* MainView.swift in Sources */,
				76744A3B2C21D3680031D99A /* Note.swift in Sources */,
				76744A332C21D3230031D99A /* CustomColors.swift in Sources */,
				76EFA2142C26E28200FF209A /* NoteCellViewModel.swift in Sources */,
				76744A152C21D27E0031D99A /* MyTravelApp.swift in Sources */,
				76744A352C21D3330031D99A /* DetailNoteView.swift in Sources */,
				76AD393E2C21DE0A0035CE98 /* CreateTripView.swift in Sources */,
				76FB3E902C3F16E200B5A678 /* SettingCellView.swift in Sources */,
				76B81E5A2C232C93003B9B20 /* LocationDetailView.swift in Sources */,
				762AD6F82C22C75800118943 /* CustomTextField.swift in Sources */,
				76744A2B2C21D2DD0031D99A /* NoteView.swift in Sources */,
				76AA93D52C3FE34F0020C379 /* SettingScreenViewModel.swift in Sources */,
				76744A2D2C21D2EC0031D99A /* NoteCellView.swift in Sources */,
				76B891AA2C36FFBE00F009AD /* DateRangePickerView.swift in Sources */,
				76AA93D32C3FD59B0020C379 /* SettingItems.swift in Sources */,
				76744A292C21D2CB0031D99A /* TripCellView.swift in Sources */,
				76B81E4B2C232AC2003B9B20 /* Destination.swift in Sources */,
				76EFA2122C26E0FC00FF209A /* Extension + Date.swift in Sources */,
			);
			runOnlyForDeploymentPostprocessing = 0;
		};
/* End PBXSourcesBuildPhase section */

/* Begin XCBuildConfiguration section */
		76744A1F2C21D27F0031D99A /* Debug */ = {
			isa = XCBuildConfiguration;
			buildSettings = {
				ALWAYS_SEARCH_USER_PATHS = NO;
				ASSETCATALOG_COMPILER_APPICON_NAME = AppIcon;
				ASSETCATALOG_COMPILER_GENERATE_SWIFT_ASSET_SYMBOL_EXTENSIONS = YES;
				ASSETCATALOG_COMPILER_INCLUDE_ALL_APPICON_ASSETS = YES;
				CLANG_ANALYZER_NONNULL = YES;
				CLANG_ANALYZER_NUMBER_OBJECT_CONVERSION = YES_AGGRESSIVE;
				CLANG_CXX_LANGUAGE_STANDARD = "gnu++20";
				CLANG_ENABLE_MODULES = YES;
				CLANG_ENABLE_OBJC_ARC = YES;
				CLANG_ENABLE_OBJC_WEAK = YES;
				CLANG_WARN_BLOCK_CAPTURE_AUTORELEASING = YES;
				CLANG_WARN_BOOL_CONVERSION = YES;
				CLANG_WARN_COMMA = YES;
				CLANG_WARN_CONSTANT_CONVERSION = YES;
				CLANG_WARN_DEPRECATED_OBJC_IMPLEMENTATIONS = YES;
				CLANG_WARN_DIRECT_OBJC_ISA_USAGE = YES_ERROR;
				CLANG_WARN_DOCUMENTATION_COMMENTS = YES;
				CLANG_WARN_EMPTY_BODY = YES;
				CLANG_WARN_ENUM_CONVERSION = YES;
				CLANG_WARN_INFINITE_RECURSION = YES;
				CLANG_WARN_INT_CONVERSION = YES;
				CLANG_WARN_NON_LITERAL_NULL_CONVERSION = YES;
				CLANG_WARN_OBJC_IMPLICIT_RETAIN_SELF = YES;
				CLANG_WARN_OBJC_LITERAL_CONVERSION = YES;
				CLANG_WARN_OBJC_ROOT_CLASS = YES_ERROR;
				CLANG_WARN_QUOTED_INCLUDE_IN_FRAMEWORK_HEADER = YES;
				CLANG_WARN_RANGE_LOOP_ANALYSIS = YES;
				CLANG_WARN_STRICT_PROTOTYPES = YES;
				CLANG_WARN_SUSPICIOUS_MOVE = YES;
				CLANG_WARN_UNGUARDED_AVAILABILITY = YES_AGGRESSIVE;
				CLANG_WARN_UNREACHABLE_CODE = YES;
				CLANG_WARN__DUPLICATE_METHOD_MATCH = YES;
				COPY_PHASE_STRIP = NO;
				DEBUG_INFORMATION_FORMAT = dwarf;
				ENABLE_STRICT_OBJC_MSGSEND = YES;
				ENABLE_TESTABILITY = YES;
				ENABLE_USER_SCRIPT_SANDBOXING = YES;
				GCC_C_LANGUAGE_STANDARD = gnu17;
				GCC_DYNAMIC_NO_PIC = NO;
				GCC_NO_COMMON_BLOCKS = YES;
				GCC_OPTIMIZATION_LEVEL = 0;
				GCC_PREPROCESSOR_DEFINITIONS = (
					"DEBUG=1",
					"$(inherited)",
				);
				GCC_WARN_64_TO_32_BIT_CONVERSION = YES;
				GCC_WARN_ABOUT_RETURN_TYPE = YES_ERROR;
				GCC_WARN_UNDECLARED_SELECTOR = YES;
				GCC_WARN_UNINITIALIZED_AUTOS = YES_AGGRESSIVE;
				GCC_WARN_UNUSED_FUNCTION = YES;
				GCC_WARN_UNUSED_VARIABLE = YES;
				IPHONEOS_DEPLOYMENT_TARGET = 17.0;
				LOCALIZATION_PREFERS_STRING_CATALOGS = YES;
				MTL_ENABLE_DEBUG_INFO = INCLUDE_SOURCE;
				MTL_FAST_MATH = YES;
				ONLY_ACTIVE_ARCH = YES;
				SDKROOT = iphoneos;
				SWIFT_ACTIVE_COMPILATION_CONDITIONS = "DEBUG $(inherited)";
				SWIFT_OPTIMIZATION_LEVEL = "-Onone";
			};
			name = Debug;
		};
		76744A202C21D27F0031D99A /* Release */ = {
			isa = XCBuildConfiguration;
			buildSettings = {
				ALWAYS_SEARCH_USER_PATHS = NO;
				ASSETCATALOG_COMPILER_APPICON_NAME = AppIcon;
				ASSETCATALOG_COMPILER_GENERATE_SWIFT_ASSET_SYMBOL_EXTENSIONS = YES;
				ASSETCATALOG_COMPILER_INCLUDE_ALL_APPICON_ASSETS = YES;
				CLANG_ANALYZER_NONNULL = YES;
				CLANG_ANALYZER_NUMBER_OBJECT_CONVERSION = YES_AGGRESSIVE;
				CLANG_CXX_LANGUAGE_STANDARD = "gnu++20";
				CLANG_ENABLE_MODULES = YES;
				CLANG_ENABLE_OBJC_ARC = YES;
				CLANG_ENABLE_OBJC_WEAK = YES;
				CLANG_WARN_BLOCK_CAPTURE_AUTORELEASING = YES;
				CLANG_WARN_BOOL_CONVERSION = YES;
				CLANG_WARN_COMMA = YES;
				CLANG_WARN_CONSTANT_CONVERSION = YES;
				CLANG_WARN_DEPRECATED_OBJC_IMPLEMENTATIONS = YES;
				CLANG_WARN_DIRECT_OBJC_ISA_USAGE = YES_ERROR;
				CLANG_WARN_DOCUMENTATION_COMMENTS = YES;
				CLANG_WARN_EMPTY_BODY = YES;
				CLANG_WARN_ENUM_CONVERSION = YES;
				CLANG_WARN_INFINITE_RECURSION = YES;
				CLANG_WARN_INT_CONVERSION = YES;
				CLANG_WARN_NON_LITERAL_NULL_CONVERSION = YES;
				CLANG_WARN_OBJC_IMPLICIT_RETAIN_SELF = YES;
				CLANG_WARN_OBJC_LITERAL_CONVERSION = YES;
				CLANG_WARN_OBJC_ROOT_CLASS = YES_ERROR;
				CLANG_WARN_QUOTED_INCLUDE_IN_FRAMEWORK_HEADER = YES;
				CLANG_WARN_RANGE_LOOP_ANALYSIS = YES;
				CLANG_WARN_STRICT_PROTOTYPES = YES;
				CLANG_WARN_SUSPICIOUS_MOVE = YES;
				CLANG_WARN_UNGUARDED_AVAILABILITY = YES_AGGRESSIVE;
				CLANG_WARN_UNREACHABLE_CODE = YES;
				CLANG_WARN__DUPLICATE_METHOD_MATCH = YES;
				COPY_PHASE_STRIP = NO;
				DEBUG_INFORMATION_FORMAT = "dwarf-with-dsym";
				ENABLE_NS_ASSERTIONS = NO;
				ENABLE_STRICT_OBJC_MSGSEND = YES;
				ENABLE_USER_SCRIPT_SANDBOXING = YES;
				GCC_C_LANGUAGE_STANDARD = gnu17;
				GCC_NO_COMMON_BLOCKS = YES;
				GCC_WARN_64_TO_32_BIT_CONVERSION = YES;
				GCC_WARN_ABOUT_RETURN_TYPE = YES_ERROR;
				GCC_WARN_UNDECLARED_SELECTOR = YES;
				GCC_WARN_UNINITIALIZED_AUTOS = YES_AGGRESSIVE;
				GCC_WARN_UNUSED_FUNCTION = YES;
				GCC_WARN_UNUSED_VARIABLE = YES;
				IPHONEOS_DEPLOYMENT_TARGET = 17.0;
				LOCALIZATION_PREFERS_STRING_CATALOGS = YES;
				MTL_ENABLE_DEBUG_INFO = NO;
				MTL_FAST_MATH = YES;
				SDKROOT = iphoneos;
				SWIFT_COMPILATION_MODE = wholemodule;
				VALIDATE_PRODUCT = YES;
			};
			name = Release;
		};
		76744A222C21D27F0031D99A /* Debug */ = {
			isa = XCBuildConfiguration;
			buildSettings = {
				ASSETCATALOG_COMPILER_APPICON_NAME = AppIcon;
				ASSETCATALOG_COMPILER_GLOBAL_ACCENT_COLOR_NAME = AccentColor;
				ASSETCATALOG_COMPILER_INCLUDE_ALL_APPICON_ASSETS = YES;
				CODE_SIGN_ENTITLEMENTS = "GoTrip - Planner/GoTrip - Planner.entitlements";
				CODE_SIGN_STYLE = Automatic;
				CURRENT_PROJECT_VERSION = 1;
				DEVELOPMENT_ASSET_PATHS = "\"GoTrip - Planner/Preview Content\"";
				DEVELOPMENT_TEAM = 457HW9WV33;
				ENABLE_PREVIEWS = YES;
				GENERATE_INFOPLIST_FILE = YES;
				INFOPLIST_FILE = "GoTrip - Planner/Info.plist";
				INFOPLIST_KEY_NSLocationWhenInUseUsageDescription = "Need to know your location so you can plan your routes.";
				INFOPLIST_KEY_UIApplicationSceneManifest_Generation = YES;
				INFOPLIST_KEY_UIApplicationSupportsIndirectInputEvents = YES;
				INFOPLIST_KEY_UILaunchScreen_Generation = YES;
				INFOPLIST_KEY_UISupportedInterfaceOrientations = UIInterfaceOrientationPortrait;
				INFOPLIST_KEY_UISupportedInterfaceOrientations_iPad = "UIInterfaceOrientationLandscapeLeft UIInterfaceOrientationLandscapeRight UIInterfaceOrientationPortrait UIInterfaceOrientationPortraitUpsideDown";
				IPHONEOS_DEPLOYMENT_TARGET = 17.0;
				LD_RUNPATH_SEARCH_PATHS = (
					"$(inherited)",
					"@executable_path/Frameworks",
				);
				MARKETING_VERSION = 1.2;
				PRODUCT_BUNDLE_IDENTIFIER = home.GoTripPlanner;
				PRODUCT_NAME = "$(TARGET_NAME)";
				SUPPORTED_PLATFORMS = "iphoneos iphonesimulator";
				SUPPORTS_MACCATALYST = NO;
				SUPPORTS_MAC_DESIGNED_FOR_IPHONE_IPAD = NO;
				SUPPORTS_XR_DESIGNED_FOR_IPHONE_IPAD = NO;
				SWIFT_EMIT_LOC_STRINGS = YES;
				SWIFT_VERSION = 5.0;
				TARGETED_DEVICE_FAMILY = 1;
			};
			name = Debug;
		};
		76744A232C21D27F0031D99A /* Release */ = {
			isa = XCBuildConfiguration;
			buildSettings = {
				ASSETCATALOG_COMPILER_APPICON_NAME = AppIcon;
				ASSETCATALOG_COMPILER_GLOBAL_ACCENT_COLOR_NAME = AccentColor;
				ASSETCATALOG_COMPILER_INCLUDE_ALL_APPICON_ASSETS = YES;
				CODE_SIGN_ENTITLEMENTS = "GoTrip - Planner/GoTrip - Planner.entitlements";
				CODE_SIGN_STYLE = Automatic;
				CURRENT_PROJECT_VERSION = 1;
				DEVELOPMENT_ASSET_PATHS = "\"GoTrip - Planner/Preview Content\"";
				DEVELOPMENT_TEAM = 457HW9WV33;
				ENABLE_PREVIEWS = YES;
				GENERATE_INFOPLIST_FILE = YES;
				INFOPLIST_FILE = "GoTrip - Planner/Info.plist";
				INFOPLIST_KEY_NSLocationWhenInUseUsageDescription = "Need to know your location so you can plan your routes.";
				INFOPLIST_KEY_UIApplicationSceneManifest_Generation = YES;
				INFOPLIST_KEY_UIApplicationSupportsIndirectInputEvents = YES;
				INFOPLIST_KEY_UILaunchScreen_Generation = YES;
				INFOPLIST_KEY_UISupportedInterfaceOrientations = UIInterfaceOrientationPortrait;
				INFOPLIST_KEY_UISupportedInterfaceOrientations_iPad = "UIInterfaceOrientationLandscapeLeft UIInterfaceOrientationLandscapeRight UIInterfaceOrientationPortrait UIInterfaceOrientationPortraitUpsideDown";
				IPHONEOS_DEPLOYMENT_TARGET = 17.0;
				LD_RUNPATH_SEARCH_PATHS = (
					"$(inherited)",
					"@executable_path/Frameworks",
				);
				MARKETING_VERSION = 1.2;
				PRODUCT_BUNDLE_IDENTIFIER = home.GoTripPlanner;
				PRODUCT_NAME = "$(TARGET_NAME)";
				SUPPORTED_PLATFORMS = "iphoneos iphonesimulator";
				SUPPORTS_MACCATALYST = NO;
				SUPPORTS_MAC_DESIGNED_FOR_IPHONE_IPAD = NO;
				SUPPORTS_XR_DESIGNED_FOR_IPHONE_IPAD = NO;
				SWIFT_EMIT_LOC_STRINGS = YES;
				SWIFT_VERSION = 5.0;
				TARGETED_DEVICE_FAMILY = 1;
			};
			name = Release;
		};
/* End XCBuildConfiguration section */

/* Begin XCConfigurationList section */
		76744A0C2C21D27E0031D99A /* Build configuration list for PBXProject "GoTrip - Planner" */ = {
			isa = XCConfigurationList;
			buildConfigurations = (
				76744A1F2C21D27F0031D99A /* Debug */,
				76744A202C21D27F0031D99A /* Release */,
			);
			defaultConfigurationIsVisible = 0;
			defaultConfigurationName = Release;
		};
		76744A212C21D27F0031D99A /* Build configuration list for PBXNativeTarget "GoTrip - Planner" */ = {
			isa = XCConfigurationList;
			buildConfigurations = (
				76744A222C21D27F0031D99A /* Debug */,
				76744A232C21D27F0031D99A /* Release */,
			);
			defaultConfigurationIsVisible = 0;
			defaultConfigurationName = Release;
		};
/* End XCConfigurationList section */
	};
	rootObject = 76744A092C21D27E0031D99A /* Project object */;
}
